// !$*UTF8*$!
{
	archiveVersion = 1;
	classes = {
	};
	objectVersion = 50;
	objects = {

/* Begin PBXBuildFile section */
		8D97125A2283B6D6003D30AF /* AppDelegate.swift in Sources */ = {isa = PBXBuildFile; fileRef = 8D9712592283B6D6003D30AF /* AppDelegate.swift */; };
		8D97125C2283B6D6003D30AF /* ViewController.swift in Sources */ = {isa = PBXBuildFile; fileRef = 8D97125B2283B6D6003D30AF /* ViewController.swift */; };
		8D97125F2283B6D6003D30AF /* Main.storyboard in Resources */ = {isa = PBXBuildFile; fileRef = 8D97125D2283B6D6003D30AF /* Main.storyboard */; };
		8D9712612283B6DA003D30AF /* Assets.xcassets in Resources */ = {isa = PBXBuildFile; fileRef = 8D9712602283B6DA003D30AF /* Assets.xcassets */; };
		8D9712642283B6DA003D30AF /* LaunchScreen.storyboard in Resources */ = {isa = PBXBuildFile; fileRef = 8D9712622283B6DA003D30AF /* LaunchScreen.storyboard */; };
/* End PBXBuildFile section */

/* Begin PBXFileReference section */
		8D9712562283B6D6003D30AF /* 19.05.07_(UIGestureRecognizer).app */ = {isa = PBXFileReference; explicitFileType = wrapper.application; includeInIndex = 0; path = "19.05.07_(UIGestureRecognizer).app"; sourceTree = BUILT_PRODUCTS_DIR; };
		8D9712592283B6D6003D30AF /* AppDelegate.swift */ = {isa = PBXFileReference; lastKnownFileType = sourcecode.swift; path = AppDelegate.swift; sourceTree = "<group>"; };
		8D97125B2283B6D6003D30AF /* ViewController.swift */ = {isa = PBXFileReference; lastKnownFileType = sourcecode.swift; path = ViewController.swift; sourceTree = "<group>"; };
		8D97125E2283B6D6003D30AF /* Base */ = {isa = PBXFileReference; lastKnownFileType = file.storyboard; name = Base; path = Base.lproj/Main.storyboard; sourceTree = "<group>"; };
		8D9712602283B6DA003D30AF /* Assets.xcassets */ = {isa = PBXFileReference; lastKnownFileType = folder.assetcatalog; path = Assets.xcassets; sourceTree = "<group>"; };
		8D9712632283B6DA003D30AF /* Base */ = {isa = PBXFileReference; lastKnownFileType = file.storyboard; name = Base; path = Base.lproj/LaunchScreen.storyboard; sourceTree = "<group>"; };
		8D9712652283B6DA003D30AF /* Info.plist */ = {isa = PBXFileReference; lastKnownFileType = text.plist.xml; path = Info.plist; sourceTree = "<group>"; };
/* End PBXFileReference section */

/* Begin PBXFrameworksBuildPhase section */
		8D9712532283B6D6003D30AF /* Frameworks */ = {
			isa = PBXFrameworksBuildPhase;
			buildActionMask = 2147483647;
			files = (
			);
			runOnlyForDeploymentPostprocessing = 0;
		};
/* End PBXFrameworksBuildPhase section */

/* Begin PBXGroup section */
		8D97124D2283B6D6003D30AF = {
			isa = PBXGroup;
			children = (
				8D9712582283B6D6003D30AF /* 19.05.07_(UIGestureRecognizer) */,
				8D9712572283B6D6003D30AF /* Products */,
			);
			sourceTree = "<group>";
		};
		8D9712572283B6D6003D30AF /* Products */ = {
			isa = PBXGroup;
			children = (
				8D9712562283B6D6003D30AF /* 19.05.07_(UIGestureRecognizer).app */,
			);
			name = Products;
			sourceTree = "<group>";
		};
		8D9712582283B6D6003D30AF /* 19.05.07_(UIGestureRecognizer) */ = {
			isa = PBXGroup;
			children = (
				8D9712592283B6D6003D30AF /* AppDelegate.swift */,
				8D97125B2283B6D6003D30AF /* ViewController.swift */,
				8D97125D2283B6D6003D30AF /* Main.storyboard */,
				8D9712602283B6DA003D30AF /* Assets.xcassets */,
				8D9712622283B6DA003D30AF /* LaunchScreen.storyboard */,
				8D9712652283B6DA003D30AF /* Info.plist */,
			);
			path = "19.05.07_(UIGestureRecognizer)";
			sourceTree = "<group>";
		};
/* End PBXGroup section */

/* Begin PBXNativeTarget section */
		8D9712552283B6D6003D30AF /* 19.05.07_(UIGestureRecognizer) */ = {
			isa = PBXNativeTarget;
			buildConfigurationList = 8D9712682283B6DA003D30AF /* Build configuration list for PBXNativeTarget "19.05.07_(UIGestureRecognizer)" */;
			buildPhases = (
				8D9712522283B6D6003D30AF /* Sources */,
				8D9712532283B6D6003D30AF /* Frameworks */,
				8D9712542283B6D6003D30AF /* Resources */,
			);
			buildRules = (
			);
			dependencies = (
			);
			name = "19.05.07_(UIGestureRecognizer)";
			productName = "19.05.07_(UIGestureRecognizer)";
			productReference = 8D9712562283B6D6003D30AF /* 19.05.07_(UIGestureRecognizer).app */;
			productType = "com.apple.product-type.application";
		};
/* End PBXNativeTarget section */

/* Begin PBXProject section */
		8D97124E2283B6D6003D30AF /* Project object */ = {
			isa = PBXProject;
			attributes = {
				LastSwiftUpdateCheck = 1020;
				LastUpgradeCheck = 1020;
				ORGANIZATIONNAME = "Doyeong Kim";
				TargetAttributes = {
					8D9712552283B6D6003D30AF = {
						CreatedOnToolsVersion = 10.2.1;
					};
				};
			};
			buildConfigurationList = 8D9712512283B6D6003D30AF /* Build configuration list for PBXProject "19.05.07_(UIGestureRecognizer)" */;
			compatibilityVersion = "Xcode 9.3";
			developmentRegion = en;
			hasScannedForEncodings = 0;
			knownRegions = (
				en,
				Base,
			);
			mainGroup = 8D97124D2283B6D6003D30AF;
			productRefGroup = 8D9712572283B6D6003D30AF /* Products */;
			projectDirPath = "";
			projectRoot = "";
			targets = (
				8D9712552283B6D6003D30AF /* 19.05.07_(UIGestureRecognizer) */,
			);
		};
/* End PBXProject section */

/* Begin PBXResourcesBuildPhase section */
		8D9712542283B6D6003D30AF /* Resources */ = {
			isa = PBXResourcesBuildPhase;
			buildActionMask = 2147483647;
			files = (
				8D9712642283B6DA003D30AF /* LaunchScreen.storyboard in Resources */,
				8D9712612283B6DA003D30AF /* Assets.xcassets in Resources */,
				8D97125F2283B6D6003D30AF /* Main.storyboard in Resources */,
			);
			runOnlyForDeploymentPostprocessing = 0;
		};
/* End PBXResourcesBuildPhase section */

/* Begin PBXSourcesBuildPhase section */
		8D9712522283B6D6003D30AF /* Sources */ = {
			isa = PBXSourcesBuildPhase;
			buildActionMask = 2147483647;
			files = (
				8D97125C2283B6D6003D30AF /* ViewController.swift in Sources */,
				8D97125A2283B6D6003D30AF /* AppDelegate.swift in Sources */,
			);
			runOnlyForDeploymentPostprocessing = 0;
		};
/* End PBXSourcesBuildPhase section */

/* Begin PBXVariantGroup section */
		8D97125D2283B6D6003D30AF /* Main.storyboard */ = {
			isa = PBXVariantGroup;
			children = (
				8D97125E2283B6D6003D30AF /* Base */,
			);
			name = Main.storyboard;
			sourceTree = "<group>";
		};
		8D9712622283B6DA003D30AF /* LaunchScreen.storyboard */ = {
			isa = PBXVariantGroup;
			children = (
				8D9712632283B6DA003D30AF /* Base */,
			);
			name = LaunchScreen.storyboard;
			sourceTree = "<group>";
		};
/* End PBXVariantGroup section */

/* Begin XCBuildConfiguration section */
		8D9712662283B6DA003D30AF /* Debug */ = {
			isa = XCBuildConfiguration;
			buildSettings = {
				ALWAYS_SEARCH_USER_PATHS = NO;
				CLANG_ANALYZER_NONNULL = YES;
				CLANG_ANALYZER_NUMBER_OBJECT_CONVERSION = YES_AGGRESSIVE;
				CLANG_CXX_LANGUAGE_STANDARD = "gnu++14";
				CLANG_CXX_LIBRARY = "libc++";
				CLANG_ENABLE_MODULES = YES;
				CLANG_ENABLE_OBJC_ARC = YES;
				CLANG_ENABLE_OBJC_WEAK = YES;
				CLANG_WARN_BLOCK_CAPTURE_AUTORELEASING = YES;
				CLANG_WARN_BOOL_CONVERSION = YES;
				CLANG_WARN_COMMA = YES;
				CLANG_WARN_CONSTANT_CONVERSION = YES;
				CLANG_WARN_DEPRECATED_OBJC_IMPLEMENTATIONS = YES;
				CLANG_WARN_DIRECT_OBJC_ISA_USAGE = YES_ERROR;
				CLANG_WARN_DOCUMENTATION_COMMENTS = YES;
				CLANG_WARN_EMPTY_BODY = YES;
				CLANG_WARN_ENUM_CONVERSION = YES;
				CLANG_WARN_INFINITE_RECURSION = YES;
				CLANG_WARN_INT_CONVERSION = YES;
				CLANG_WARN_NON_LITERAL_NULL_CONVERSION = YES;
				CLANG_WARN_OBJC_IMPLICIT_RETAIN_SELF = YES;
				CLANG_WARN_OBJC_LITERAL_CONVERSION = YES;
				CLANG_WARN_OBJC_ROOT_CLASS = YES_ERROR;
				CLANG_WARN_RANGE_LOOP_ANALYSIS = YES;
				CLANG_WARN_STRICT_PROTOTYPES = YES;
				CLANG_WARN_SUSPICIOUS_MOVE = YES;
				CLANG_WARN_UNGUARDED_AVAILABILITY = YES_AGGRESSIVE;
				CLANG_WARN_UNREACHABLE_CODE = YES;
				CLANG_WARN__DUPLICATE_METHOD_MATCH = YES;
				CODE_SIGN_IDENTITY = "iPhone Developer";
				COPY_PHASE_STRIP = NO;
				DEBUG_INFORMATION_FORMAT = dwarf;
				ENABLE_STRICT_OBJC_MSGSEND = YES;
				ENABLE_TESTABILITY = YES;
				GCC_C_LANGUAGE_STANDARD = gnu11;
				GCC_DYNAMIC_NO_PIC = NO;
				GCC_NO_COMMON_BLOCKS = YES;
				GCC_OPTIMIZATION_LEVEL = 0;
				GCC_PREPROCESSOR_DEFINITIONS = (
					"DEBUG=1",
					"$(inherited)",
				);
				GCC_WARN_64_TO_32_BIT_CONVERSION = YES;
				GCC_WARN_ABOUT_RETURN_TYPE = YES_ERROR;
				GCC_WARN_UNDECLARED_SELECTOR = YES;
				GCC_WARN_UNINITIALIZED_AUTOS = YES_AGGRESSIVE;
				GCC_WARN_UNUSED_FUNCTION = YES;
				GCC_WARN_UNUSED_VARIABLE = YES;
				IPHONEOS_DEPLOYMENT_TARGET = 12.2;
				MTL_ENABLE_DEBUG_INFO = INCLUDE_SOURCE;
				MTL_FAST_MATH = YES;
				ONLY_ACTIVE_ARCH = YES;
				SDKROOT = iphoneos;
				SWIFT_ACTIVE_COMPILATION_CONDITIONS = DEBUG;
				SWIFT_OPTIMIZATION_LEVEL = "-Onone";
			};
			name = Debug;
		};
		8D9712672283B6DA003D30AF /* Release */ = {
			isa = XCBuildConfiguration;
			buildSettings = {
				ALWAYS_SEARCH_USER_PATHS = NO;
				CLANG_ANALYZER_NONNULL = YES;
				CLANG_ANALYZER_NUMBER_OBJECT_CONVERSION = YES_AGGRESSIVE;
				CLANG_CXX_LANGUAGE_STANDARD = "gnu++14";
				CLANG_CXX_LIBRARY = "libc++";
				CLANG_ENABLE_MODULES = YES;
				CLANG_ENABLE_OBJC_ARC = YES;
				CLANG_ENABLE_OBJC_WEAK = YES;
				CLANG_WARN_BLOCK_CAPTURE_AUTORELEASING = YES;
				CLANG_WARN_BOOL_CONVERSION = YES;
				CLANG_WARN_COMMA = YES;
				CLANG_WARN_CONSTANT_CONVERSION = YES;
				CLANG_WARN_DEPRECATED_OBJC_IMPLEMENTATIONS = YES;
				CLANG_WARN_DIRECT_OBJC_ISA_USAGE = YES_ERROR;
				CLANG_WARN_DOCUMENTATION_COMMENTS = YES;
				CLANG_WARN_EMPTY_BODY = YES;
				CLANG_WARN_ENUM_CONVERSION = YES;
				CLANG_WARN_INFINITE_RECURSION = YES;
				CLANG_WARN_INT_CONVERSION = YES;
				CLANG_WARN_NON_LITERAL_NULL_CONVERSION = YES;
				CLANG_WARN_OBJC_IMPLICIT_RETAIN_SELF = YES;
				CLANG_WARN_OBJC_LITERAL_CONVERSION = YES;
				CLANG_WARN_OBJC_ROOT_CLASS = YES_ERROR;
				CLANG_WARN_RANGE_LOOP_ANALYSIS = YES;
				CLANG_WARN_STRICT_PROTOTYPES = YES;
				CLANG_WARN_SUSPICIOUS_MOVE = YES;
				CLANG_WARN_UNGUARDED_AVAILABILITY = YES_AGGRESSIVE;
				CLANG_WARN_UNREACHABLE_CODE = YES;
				CLANG_WARN__DUPLICATE_METHOD_MATCH = YES;
				CODE_SIGN_IDENTITY = "iPhone Developer";
				COPY_PHASE_STRIP = NO;
				DEBUG_INFORMATION_FORMAT = "dwarf-with-dsym";
				ENABLE_NS_ASSERTIONS = NO;
				ENABLE_STRICT_OBJC_MSGSEND = YES;
				GCC_C_LANGUAGE_STANDARD = gnu11;
				GCC_NO_COMMON_BLOCKS = YES;
				GCC_WARN_64_TO_32_BIT_CONVERSION = YES;
				GCC_WARN_ABOUT_RETURN_TYPE = YES_ERROR;
				GCC_WARN_UNDECLARED_SELECTOR = YES;
				GCC_WARN_UNINITIALIZED_AUTOS = YES_AGGRESSIVE;
				GCC_WARN_UNUSED_FUNCTION = YES;
				GCC_WARN_UNUSED_VARIABLE = YES;
				IPHONEOS_DEPLOYMENT_TARGET = 12.2;
				MTL_ENABLE_DEBUG_INFO = NO;
				MTL_FAST_MATH = YES;
				SDKROOT = iphoneos;
				SWIFT_COMPILATION_MODE = wholemodule;
				SWIFT_OPTIMIZATION_LEVEL = "-O";
				VALIDATE_PRODUCT = YES;
			};
			name = Release;
		};
		8D9712692283B6DA003D30AF /* Debug */ = {
			isa = XCBuildConfiguration;
			buildSettings = {
				ASSETCATALOG_COMPILER_APPICON_NAME = AppIcon;
				CODE_SIGN_STYLE = Automatic;
				DEVELOPMENT_TEAM = GNQ9UN7JV8;
				INFOPLIST_FILE = "19.05.07_(UIGestureRecognizer)/Info.plist";
				LD_RUNPATH_SEARCH_PATHS = (
					"$(inherited)",
					"@executable_path/Frameworks",
				);
				PRODUCT_BUNDLE_IDENTIFIER = kr.doyeong.example;
				PRODUCT_NAME = "$(TARGET_NAME)";
				SWIFT_VERSION = 5.0;
				TARGETED_DEVICE_FAMILY = "1,2";
			};
			name = Debug;
		};
		8D97126A2283B6DA003D30AF /* Release */ = {
			isa = XCBuildConfiguration;
			buildSettings = {
				ASSETCATALOG_COMPILER_APPICON_NAME = AppIcon;
				CODE_SIGN_STYLE = Automatic;
				DEVELOPMENT_TEAM = GNQ9UN7JV8;
				INFOPLIST_FILE = "19.05.07_(UIGestureRecognizer)/Info.plist";
				LD_RUNPATH_SEARCH_PATHS = (
					"$(inherited)",
					"@executable_path/Frameworks",
				);
				PRODUCT_BUNDLE_IDENTIFIER = kr.doyeong.example;
				PRODUCT_NAME = "$(TARGET_NAME)";
				SWIFT_VERSION = 5.0;
				TARGETED_DEVICE_FAMILY = "1,2";
			};
			name = Release;
		};
/* End XCBuildConfiguration section */

/* Begin XCConfigurationList section */
		8D9712512283B6D6003D30AF /* Build configuration list for PBXProject "19.05.07_(UIGestureRecognizer)" */ = {
			isa = XCConfigurationList;
			buildConfigurations = (
				8D9712662283B6DA003D30AF /* Debug */,
				8D9712672283B6DA003D30AF /* Release */,
			);
			defaultConfigurationIsVisible = 0;
			defaultConfigurationName = Release;
		};
		8D9712682283B6DA003D30AF /* Build configuration list for PBXNativeTarget "19.05.07_(UIGestureRecognizer)" */ = {
			isa = XCConfigurationList;
			buildConfigurations = (
				8D9712692283B6DA003D30AF /* Debug */,
				8D97126A2283B6DA003D30AF /* Release */,
			);
			defaultConfigurationIsVisible = 0;
			defaultConfigurationName = Release;
		};
/* End XCConfigurationList section */
	};
	rootObject = 8D97124E2283B6D6003D30AF /* Project object */;
}
